// !$*UTF8*$!
{
	archiveVersion = 1;
	classes = {
	};
	objectVersion = 55;
	objects = {

/* Begin PBXBuildFile section */
		56FEEE9227E9949D00D3DEDA /* AppDelegate.swift in Sources */ = {isa = PBXBuildFile; fileRef = 56FEEE9127E9949D00D3DEDA /* AppDelegate.swift */; };
		56FEEE9427E9949D00D3DEDA /* SceneDelegate.swift in Sources */ = {isa = PBXBuildFile; fileRef = 56FEEE9327E9949D00D3DEDA /* SceneDelegate.swift */; };
		56FEEE9627E9949D00D3DEDA /* ViewController.swift in Sources */ = {isa = PBXBuildFile; fileRef = 56FEEE9527E9949D00D3DEDA /* ViewController.swift */; };
		56FEEE9927E9949D00D3DEDA /* Main.storyboard in Resources */ = {isa = PBXBuildFile; fileRef = 56FEEE9727E9949D00D3DEDA /* Main.storyboard */; };
		56FEEE9B27E9949E00D3DEDA /* Assets.xcassets in Resources */ = {isa = PBXBuildFile; fileRef = 56FEEE9A27E9949E00D3DEDA /* Assets.xcassets */; };
		56FEEE9E27E9949E00D3DEDA /* LaunchScreen.storyboard in Resources */ = {isa = PBXBuildFile; fileRef = 56FEEE9C27E9949E00D3DEDA /* LaunchScreen.storyboard */; };
		56FEEEA927E9949E00D3DEDA /* ParstogramTests.swift in Sources */ = {isa = PBXBuildFile; fileRef = 56FEEEA827E9949E00D3DEDA /* ParstogramTests.swift */; };
		56FEEEB327E9949E00D3DEDA /* ParstogramUITests.swift in Sources */ = {isa = PBXBuildFile; fileRef = 56FEEEB227E9949E00D3DEDA /* ParstogramUITests.swift */; };
		56FEEEB527E9949E00D3DEDA /* ParstogramUITestsLaunchTests.swift in Sources */ = {isa = PBXBuildFile; fileRef = 56FEEEB427E9949E00D3DEDA /* ParstogramUITestsLaunchTests.swift */; };
/* End PBXBuildFile section */

/* Begin PBXContainerItemProxy section */
		56FEEEA527E9949E00D3DEDA /* PBXContainerItemProxy */ = {
			isa = PBXContainerItemProxy;
			containerPortal = 56FEEE8627E9949D00D3DEDA /* Project object */;
			proxyType = 1;
			remoteGlobalIDString = 56FEEE8D27E9949D00D3DEDA;
			remoteInfo = Parstogram;
		};
		56FEEEAF27E9949E00D3DEDA /* PBXContainerItemProxy */ = {
			isa = PBXContainerItemProxy;
			containerPortal = 56FEEE8627E9949D00D3DEDA /* Project object */;
			proxyType = 1;
			remoteGlobalIDString = 56FEEE8D27E9949D00D3DEDA;
			remoteInfo = Parstogram;
		};
/* End PBXContainerItemProxy section */

/* Begin PBXFileReference section */
		56FEEE8E27E9949D00D3DEDA /* Parstogram.app */ = {isa = PBXFileReference; explicitFileType = wrapper.application; includeInIndex = 0; path = Parstogram.app; sourceTree = BUILT_PRODUCTS_DIR; };
		56FEEE9127E9949D00D3DEDA /* AppDelegate.swift */ = {isa = PBXFileReference; lastKnownFileType = sourcecode.swift; path = AppDelegate.swift; sourceTree = "<group>"; };
		56FEEE9327E9949D00D3DEDA /* SceneDelegate.swift */ = {isa = PBXFileReference; lastKnownFileType = sourcecode.swift; path = SceneDelegate.swift; sourceTree = "<group>"; };
		56FEEE9527E9949D00D3DEDA /* ViewController.swift */ = {isa = PBXFileReference; lastKnownFileType = sourcecode.swift; path = ViewController.swift; sourceTree = "<group>"; };
		56FEEE9827E9949D00D3DEDA /* Base */ = {isa = PBXFileReference; lastKnownFileType = file.storyboard; name = Base; path = Base.lproj/Main.storyboard; sourceTree = "<group>"; };
		56FEEE9A27E9949E00D3DEDA /* Assets.xcassets */ = {isa = PBXFileReference; lastKnownFileType = folder.assetcatalog; path = Assets.xcassets; sourceTree = "<group>"; };
		56FEEE9D27E9949E00D3DEDA /* Base */ = {isa = PBXFileReference; lastKnownFileType = file.storyboard; name = Base; path = Base.lproj/LaunchScreen.storyboard; sourceTree = "<group>"; };
		56FEEE9F27E9949E00D3DEDA /* Info.plist */ = {isa = PBXFileReference; lastKnownFileType = text.plist.xml; path = Info.plist; sourceTree = "<group>"; };
		56FEEEA427E9949E00D3DEDA /* ParstogramTests.xctest */ = {isa = PBXFileReference; explicitFileType = wrapper.cfbundle; includeInIndex = 0; path = ParstogramTests.xctest; sourceTree = BUILT_PRODUCTS_DIR; };
		56FEEEA827E9949E00D3DEDA /* ParstogramTests.swift */ = {isa = PBXFileReference; lastKnownFileType = sourcecode.swift; path = ParstogramTests.swift; sourceTree = "<group>"; };
		56FEEEAE27E9949E00D3DEDA /* ParstogramUITests.xctest */ = {isa = PBXFileReference; explicitFileType = wrapper.cfbundle; includeInIndex = 0; path = ParstogramUITests.xctest; sourceTree = BUILT_PRODUCTS_DIR; };
		56FEEEB227E9949E00D3DEDA /* ParstogramUITests.swift */ = {isa = PBXFileReference; lastKnownFileType = sourcecode.swift; path = ParstogramUITests.swift; sourceTree = "<group>"; };
		56FEEEB427E9949E00D3DEDA /* ParstogramUITestsLaunchTests.swift */ = {isa = PBXFileReference; lastKnownFileType = sourcecode.swift; path = ParstogramUITestsLaunchTests.swift; sourceTree = "<group>"; };
/* End PBXFileReference section */

/* Begin PBXFrameworksBuildPhase section */
		56FEEE8B27E9949D00D3DEDA /* Frameworks */ = {
			isa = PBXFrameworksBuildPhase;
			buildActionMask = 2147483647;
			files = (
			);
			runOnlyForDeploymentPostprocessing = 0;
		};
		56FEEEA127E9949E00D3DEDA /* Frameworks */ = {
			isa = PBXFrameworksBuildPhase;
			buildActionMask = 2147483647;
			files = (
			);
			runOnlyForDeploymentPostprocessing = 0;
		};
		56FEEEAB27E9949E00D3DEDA /* Frameworks */ = {
			isa = PBXFrameworksBuildPhase;
			buildActionMask = 2147483647;
			files = (
			);
			runOnlyForDeploymentPostprocessing = 0;
		};
/* End PBXFrameworksBuildPhase section */

/* Begin PBXGroup section */
		56FEEE8527E9949D00D3DEDA = {
			isa = PBXGroup;
			children = (
				56FEEE9027E9949D00D3DEDA /* Parstogram */,
				56FEEEA727E9949E00D3DEDA /* ParstogramTests */,
				56FEEEB127E9949E00D3DEDA /* ParstogramUITests */,
				56FEEE8F27E9949D00D3DEDA /* Products */,
			);
			sourceTree = "<group>";
		};
		56FEEE8F27E9949D00D3DEDA /* Products */ = {
			isa = PBXGroup;
			children = (
				56FEEE8E27E9949D00D3DEDA /* Parstogram.app */,
				56FEEEA427E9949E00D3DEDA /* ParstogramTests.xctest */,
				56FEEEAE27E9949E00D3DEDA /* ParstogramUITests.xctest */,
			);
			name = Products;
			sourceTree = "<group>";
		};
		56FEEE9027E9949D00D3DEDA /* Parstogram */ = {
			isa = PBXGroup;
			children = (
				56FEEE9127E9949D00D3DEDA /* AppDelegate.swift */,
				56FEEE9327E9949D00D3DEDA /* SceneDelegate.swift */,
				56FEEE9527E9949D00D3DEDA /* ViewController.swift */,
				56FEEE9727E9949D00D3DEDA /* Main.storyboard */,
				56FEEE9A27E9949E00D3DEDA /* Assets.xcassets */,
				56FEEE9C27E9949E00D3DEDA /* LaunchScreen.storyboard */,
				56FEEE9F27E9949E00D3DEDA /* Info.plist */,
			);
			path = Parstogram;
			sourceTree = "<group>";
		};
		56FEEEA727E9949E00D3DEDA /* ParstogramTests */ = {
			isa = PBXGroup;
			children = (
				56FEEEA827E9949E00D3DEDA /* ParstogramTests.swift */,
			);
			path = ParstogramTests;
			sourceTree = "<group>";
		};
		56FEEEB127E9949E00D3DEDA /* ParstogramUITests */ = {
			isa = PBXGroup;
			children = (
				56FEEEB227E9949E00D3DEDA /* ParstogramUITests.swift */,
				56FEEEB427E9949E00D3DEDA /* ParstogramUITestsLaunchTests.swift */,
			);
			path = ParstogramUITests;
			sourceTree = "<group>";
		};
/* End PBXGroup section */

/* Begin PBXNativeTarget section */
		56FEEE8D27E9949D00D3DEDA /* Parstogram */ = {
			isa = PBXNativeTarget;
			buildConfigurationList = 56FEEEB827E9949E00D3DEDA /* Build configuration list for PBXNativeTarget "Parstogram" */;
			buildPhases = (
				56FEEE8A27E9949D00D3DEDA /* Sources */,
				56FEEE8B27E9949D00D3DEDA /* Frameworks */,
				56FEEE8C27E9949D00D3DEDA /* Resources */,
			);
			buildRules = (
			);
			dependencies = (
			);
			name = Parstogram;
			productName = Parstogram;
			productReference = 56FEEE8E27E9949D00D3DEDA /* Parstogram.app */;
			productType = "com.apple.product-type.application";
		};
		56FEEEA327E9949E00D3DEDA /* ParstogramTests */ = {
			isa = PBXNativeTarget;
			buildConfigurationList = 56FEEEBB27E9949E00D3DEDA /* Build configuration list for PBXNativeTarget "ParstogramTests" */;
			buildPhases = (
				56FEEEA027E9949E00D3DEDA /* Sources */,
				56FEEEA127E9949E00D3DEDA /* Frameworks */,
				56FEEEA227E9949E00D3DEDA /* Resources */,
			);
			buildRules = (
			);
			dependencies = (
				56FEEEA627E9949E00D3DEDA /* PBXTargetDependency */,
			);
			name = ParstogramTests;
			productName = ParstogramTests;
			productReference = 56FEEEA427E9949E00D3DEDA /* ParstogramTests.xctest */;
			productType = "com.apple.product-type.bundle.unit-test";
		};
		56FEEEAD27E9949E00D3DEDA /* ParstogramUITests */ = {
			isa = PBXNativeTarget;
			buildConfigurationList = 56FEEEBE27E9949E00D3DEDA /* Build configuration list for PBXNativeTarget "ParstogramUITests" */;
			buildPhases = (
				56FEEEAA27E9949E00D3DEDA /* Sources */,
				56FEEEAB27E9949E00D3DEDA /* Frameworks */,
				56FEEEAC27E9949E00D3DEDA /* Resources */,
			);
			buildRules = (
			);
			dependencies = (
				56FEEEB027E9949E00D3DEDA /* PBXTargetDependency */,
			);
			name = ParstogramUITests;
			productName = ParstogramUITests;
			productReference = 56FEEEAE27E9949E00D3DEDA /* ParstogramUITests.xctest */;
			productType = "com.apple.product-type.bundle.ui-testing";
		};
/* End PBXNativeTarget section */

/* Begin PBXProject section */
		56FEEE8627E9949D00D3DEDA /* Project object */ = {
			isa = PBXProject;
			attributes = {
				BuildIndependentTargetsInParallel = 1;
				LastSwiftUpdateCheck = 1330;
				LastUpgradeCheck = 1330;
				TargetAttributes = {
					56FEEE8D27E9949D00D3DEDA = {
						CreatedOnToolsVersion = 13.3;
					};
					56FEEEA327E9949E00D3DEDA = {
						CreatedOnToolsVersion = 13.3;
						TestTargetID = 56FEEE8D27E9949D00D3DEDA;
					};
					56FEEEAD27E9949E00D3DEDA = {
						CreatedOnToolsVersion = 13.3;
						TestTargetID = 56FEEE8D27E9949D00D3DEDA;
					};
				};
			};
			buildConfigurationList = 56FEEE8927E9949D00D3DEDA /* Build configuration list for PBXProject "Parstogram" */;
			compatibilityVersion = "Xcode 13.0";
			developmentRegion = en;
			hasScannedForEncodings = 0;
			knownRegions = (
				en,
				Base,
			);
			mainGroup = 56FEEE8527E9949D00D3DEDA;
			productRefGroup = 56FEEE8F27E9949D00D3DEDA /* Products */;
			projectDirPath = "";
			projectRoot = "";
			targets = (
				56FEEE8D27E9949D00D3DEDA /* Parstogram */,
				56FEEEA327E9949E00D3DEDA /* ParstogramTests */,
				56FEEEAD27E9949E00D3DEDA /* ParstogramUITests */,
			);
		};
/* End PBXProject section */

/* Begin PBXResourcesBuildPhase section */
		56FEEE8C27E9949D00D3DEDA /* Resources */ = {
			isa = PBXResourcesBuildPhase;
			buildActionMask = 2147483647;
			files = (
				56FEEE9E27E9949E00D3DEDA /* LaunchScreen.storyboard in Resources */,
				56FEEE9B27E9949E00D3DEDA /* Assets.xcassets in Resources */,
				56FEEE9927E9949D00D3DEDA /* Main.storyboard in Resources */,
			);
			runOnlyForDeploymentPostprocessing = 0;
		};
		56FEEEA227E9949E00D3DEDA /* Resources */ = {
			isa = PBXResourcesBuildPhase;
			buildActionMask = 2147483647;
			files = (
			);
			runOnlyForDeploymentPostprocessing = 0;
		};
		56FEEEAC27E9949E00D3DEDA /* Resources */ = {
			isa = PBXResourcesBuildPhase;
			buildActionMask = 2147483647;
			files = (
			);
			runOnlyForDeploymentPostprocessing = 0;
		};
/* End PBXResourcesBuildPhase section */

/* Begin PBXSourcesBuildPhase section */
		56FEEE8A27E9949D00D3DEDA /* Sources */ = {
			isa = PBXSourcesBuildPhase;
			buildActionMask = 2147483647;
			files = (
				56FEEE9627E9949D00D3DEDA /* ViewController.swift in Sources */,
				56FEEE9227E9949D00D3DEDA /* AppDelegate.swift in Sources */,
				56FEEE9427E9949D00D3DEDA /* SceneDelegate.swift in Sources */,
			);
			runOnlyForDeploymentPostprocessing = 0;
		};
		56FEEEA027E9949E00D3DEDA /* Sources */ = {
			isa = PBXSourcesBuildPhase;
			buildActionMask = 2147483647;
			files = (
				56FEEEA927E9949E00D3DEDA /* ParstogramTests.swift in Sources */,
			);
			runOnlyForDeploymentPostprocessing = 0;
		};
		56FEEEAA27E9949E00D3DEDA /* Sources */ = {
			isa = PBXSourcesBuildPhase;
			buildActionMask = 2147483647;
			files = (
				56FEEEB527E9949E00D3DEDA /* ParstogramUITestsLaunchTests.swift in Sources */,
				56FEEEB327E9949E00D3DEDA /* ParstogramUITests.swift in Sources */,
			);
			runOnlyForDeploymentPostprocessing = 0;
		};
/* End PBXSourcesBuildPhase section */

/* Begin PBXTargetDependency section */
		56FEEEA627E9949E00D3DEDA /* PBXTargetDependency */ = {
			isa = PBXTargetDependency;
			target = 56FEEE8D27E9949D00D3DEDA /* Parstogram */;
			targetProxy = 56FEEEA527E9949E00D3DEDA /* PBXContainerItemProxy */;
		};
		56FEEEB027E9949E00D3DEDA /* PBXTargetDependency */ = {
			isa = PBXTargetDependency;
			target = 56FEEE8D27E9949D00D3DEDA /* Parstogram */;
			targetProxy = 56FEEEAF27E9949E00D3DEDA /* PBXContainerItemProxy */;
		};
/* End PBXTargetDependency section */

/* Begin PBXVariantGroup section */
		56FEEE9727E9949D00D3DEDA /* Main.storyboard */ = {
			isa = PBXVariantGroup;
			children = (
				56FEEE9827E9949D00D3DEDA /* Base */,
			);
			name = Main.storyboard;
			sourceTree = "<group>";
		};
		56FEEE9C27E9949E00D3DEDA /* LaunchScreen.storyboard */ = {
			isa = PBXVariantGroup;
			children = (
				56FEEE9D27E9949E00D3DEDA /* Base */,
			);
			name = LaunchScreen.storyboard;
			sourceTree = "<group>";
		};
/* End PBXVariantGroup section */

/* Begin XCBuildConfiguration section */
		56FEEEB627E9949E00D3DEDA /* Debug */ = {
			isa = XCBuildConfiguration;
			buildSettings = {
				ALWAYS_SEARCH_USER_PATHS = NO;
				CLANG_ANALYZER_NONNULL = YES;
				CLANG_ANALYZER_NUMBER_OBJECT_CONVERSION = YES_AGGRESSIVE;
				CLANG_CXX_LANGUAGE_STANDARD = "gnu++17";
				CLANG_ENABLE_MODULES = YES;
				CLANG_ENABLE_OBJC_ARC = YES;
				CLANG_ENABLE_OBJC_WEAK = YES;
				CLANG_WARN_BLOCK_CAPTURE_AUTORELEASING = YES;
				CLANG_WARN_BOOL_CONVERSION = YES;
				CLANG_WARN_COMMA = YES;
				CLANG_WARN_CONSTANT_CONVERSION = YES;
				CLANG_WARN_DEPRECATED_OBJC_IMPLEMENTATIONS = YES;
				CLANG_WARN_DIRECT_OBJC_ISA_USAGE = YES_ERROR;
				CLANG_WARN_DOCUMENTATION_COMMENTS = YES;
				CLANG_WARN_EMPTY_BODY = YES;
				CLANG_WARN_ENUM_CONVERSION = YES;
				CLANG_WARN_INFINITE_RECURSION = YES;
				CLANG_WARN_INT_CONVERSION = YES;
				CLANG_WARN_NON_LITERAL_NULL_CONVERSION = YES;
				CLANG_WARN_OBJC_IMPLICIT_RETAIN_SELF = YES;
				CLANG_WARN_OBJC_LITERAL_CONVERSION = YES;
				CLANG_WARN_OBJC_ROOT_CLASS = YES_ERROR;
				CLANG_WARN_QUOTED_INCLUDE_IN_FRAMEWORK_HEADER = YES;
				CLANG_WARN_RANGE_LOOP_ANALYSIS = YES;
				CLANG_WARN_STRICT_PROTOTYPES = YES;
				CLANG_WARN_SUSPICIOUS_MOVE = YES;
				CLANG_WARN_UNGUARDED_AVAILABILITY = YES_AGGRESSIVE;
				CLANG_WARN_UNREACHABLE_CODE = YES;
				CLANG_WARN__DUPLICATE_METHOD_MATCH = YES;
				COPY_PHASE_STRIP = NO;
				DEBUG_INFORMATION_FORMAT = dwarf;
				ENABLE_STRICT_OBJC_MSGSEND = YES;
				ENABLE_TESTABILITY = YES;
				GCC_C_LANGUAGE_STANDARD = gnu11;
				GCC_DYNAMIC_NO_PIC = NO;
				GCC_NO_COMMON_BLOCKS = YES;
				GCC_OPTIMIZATION_LEVEL = 0;
				GCC_PREPROCESSOR_DEFINITIONS = (
					"DEBUG=1",
					"$(inherited)",
				);
				GCC_WARN_64_TO_32_BIT_CONVERSION = YES;
				GCC_WARN_ABOUT_RETURN_TYPE = YES_ERROR;
				GCC_WARN_UNDECLARED_SELECTOR = YES;
				GCC_WARN_UNINITIALIZED_AUTOS = YES_AGGRESSIVE;
				GCC_WARN_UNUSED_FUNCTION = YES;
				GCC_WARN_UNUSED_VARIABLE = YES;
				IPHONEOS_DEPLOYMENT_TARGET = 15.4;
				MTL_ENABLE_DEBUG_INFO = INCLUDE_SOURCE;
				MTL_FAST_MATH = YES;
				ONLY_ACTIVE_ARCH = YES;
				SDKROOT = iphoneos;
				SWIFT_ACTIVE_COMPILATION_CONDITIONS = DEBUG;
				SWIFT_OPTIMIZATION_LEVEL = "-Onone";
			};
			name = Debug;
		};
		56FEEEB727E9949E00D3DEDA /* Release */ = {
			isa = XCBuildConfiguration;
			buildSettings = {
				ALWAYS_SEARCH_USER_PATHS = NO;
				CLANG_ANALYZER_NONNULL = YES;
				CLANG_ANALYZER_NUMBER_OBJECT_CONVERSION = YES_AGGRESSIVE;
				CLANG_CXX_LANGUAGE_STANDARD = "gnu++17";
				CLANG_ENABLE_MODULES = YES;
				CLANG_ENABLE_OBJC_ARC = YES;
				CLANG_ENABLE_OBJC_WEAK = YES;
				CLANG_WARN_BLOCK_CAPTURE_AUTORELEASING = YES;
				CLANG_WARN_BOOL_CONVERSION = YES;
				CLANG_WARN_COMMA = YES;
				CLANG_WARN_CONSTANT_CONVERSION = YES;
				CLANG_WARN_DEPRECATED_OBJC_IMPLEMENTATIONS = YES;
				CLANG_WARN_DIRECT_OBJC_ISA_USAGE = YES_ERROR;
				CLANG_WARN_DOCUMENTATION_COMMENTS = YES;
				CLANG_WARN_EMPTY_BODY = YES;
				CLANG_WARN_ENUM_CONVERSION = YES;
				CLANG_WARN_INFINITE_RECURSION = YES;
				CLANG_WARN_INT_CONVERSION = YES;
				CLANG_WARN_NON_LITERAL_NULL_CONVERSION = YES;
				CLANG_WARN_OBJC_IMPLICIT_RETAIN_SELF = YES;
				CLANG_WARN_OBJC_LITERAL_CONVERSION = YES;
				CLANG_WARN_OBJC_ROOT_CLASS = YES_ERROR;
				CLANG_WARN_QUOTED_INCLUDE_IN_FRAMEWORK_HEADER = YES;
				CLANG_WARN_RANGE_LOOP_ANALYSIS = YES;
				CLANG_WARN_STRICT_PROTOTYPES = YES;
				CLANG_WARN_SUSPICIOUS_MOVE = YES;
				CLANG_WARN_UNGUARDED_AVAILABILITY = YES_AGGRESSIVE;
				CLANG_WARN_UNREACHABLE_CODE = YES;
				CLANG_WARN__DUPLICATE_METHOD_MATCH = YES;
				COPY_PHASE_STRIP = NO;
				DEBUG_INFORMATION_FORMAT = "dwarf-with-dsym";
				ENABLE_NS_ASSERTIONS = NO;
				ENABLE_STRICT_OBJC_MSGSEND = YES;
				GCC_C_LANGUAGE_STANDARD = gnu11;
				GCC_NO_COMMON_BLOCKS = YES;
				GCC_WARN_64_TO_32_BIT_CONVERSION = YES;
				GCC_WARN_ABOUT_RETURN_TYPE = YES_ERROR;
				GCC_WARN_UNDECLARED_SELECTOR = YES;
				GCC_WARN_UNINITIALIZED_AUTOS = YES_AGGRESSIVE;
				GCC_WARN_UNUSED_FUNCTION = YES;
				GCC_WARN_UNUSED_VARIABLE = YES;
				IPHONEOS_DEPLOYMENT_TARGET = 15.4;
				MTL_ENABLE_DEBUG_INFO = NO;
				MTL_FAST_MATH = YES;
				SDKROOT = iphoneos;
				SWIFT_COMPILATION_MODE = wholemodule;
				SWIFT_OPTIMIZATION_LEVEL = "-O";
				VALIDATE_PRODUCT = YES;
			};
			name = Release;
		};
		56FEEEB927E9949E00D3DEDA /* Debug */ = {
			isa = XCBuildConfiguration;
			buildSettings = {
				ASSETCATALOG_COMPILER_APPICON_NAME = AppIcon;
				ASSETCATALOG_COMPILER_GLOBAL_ACCENT_COLOR_NAME = AccentColor;
				CODE_SIGN_STYLE = Automatic;
				CURRENT_PROJECT_VERSION = 1;
				DEVELOPMENT_TEAM = 7QR8ZP2WRB;
				GENERATE_INFOPLIST_FILE = YES;
				INFOPLIST_FILE = Parstogram/Info.plist;
				INFOPLIST_KEY_UIApplicationSupportsIndirectInputEvents = YES;
				INFOPLIST_KEY_UILaunchStoryboardName = LaunchScreen;
				INFOPLIST_KEY_UIMainStoryboardFile = Main;
				INFOPLIST_KEY_UISupportedInterfaceOrientations_iPad = "UIInterfaceOrientationPortrait UIInterfaceOrientationPortraitUpsideDown UIInterfaceOrientationLandscapeLeft UIInterfaceOrientationLandscapeRight";
				INFOPLIST_KEY_UISupportedInterfaceOrientations_iPhone = "UIInterfaceOrientationPortrait UIInterfaceOrientationLandscapeLeft UIInterfaceOrientationLandscapeRight";
				LD_RUNPATH_SEARCH_PATHS = (
					"$(inherited)",
					"@executable_path/Frameworks",
				);
				MARKETING_VERSION = 1.0;
				PRODUCT_BUNDLE_IDENTIFIER = charles.kypros.Parstogram;
				PRODUCT_NAME = "$(TARGET_NAME)";
				SWIFT_EMIT_LOC_STRINGS = YES;
				SWIFT_VERSION = 5.0;
				TARGETED_DEVICE_FAMILY = "1,2";
			};
			name = Debug;
		};
		56FEEEBA27E9949E00D3DEDA /* Release */ = {
			isa = XCBuildConfiguration;
			buildSettings = {
				ASSETCATALOG_COMPILER_APPICON_NAME = AppIcon;
				ASSETCATALOG_COMPILER_GLOBAL_ACCENT_COLOR_NAME = AccentColor;
				CODE_SIGN_STYLE = Automatic;
				CURRENT_PROJECT_VERSION = 1;
				DEVELOPMENT_TEAM = 7QR8ZP2WRB;
				GENERATE_INFOPLIST_FILE = YES;
				INFOPLIST_FILE = Parstogram/Info.plist;
				INFOPLIST_KEY_UIApplicationSupportsIndirectInputEvents = YES;
				INFOPLIST_KEY_UILaunchStoryboardName = LaunchScreen;
				INFOPLIST_KEY_UIMainStoryboardFile = Main;
				INFOPLIST_KEY_UISupportedInterfaceOrientations_iPad = "UIInterfaceOrientationPortrait UIInterfaceOrientationPortraitUpsideDown UIInterfaceOrientationLandscapeLeft UIInterfaceOrientationLandscapeRight";
				INFOPLIST_KEY_UISupportedInterfaceOrientations_iPhone = "UIInterfaceOrientationPortrait UIInterfaceOrientationLandscapeLeft UIInterfaceOrientationLandscapeRight";
				LD_RUNPATH_SEARCH_PATHS = (
					"$(inherited)",
					"@executable_path/Frameworks",
				);
				MARKETING_VERSION = 1.0;
				PRODUCT_BUNDLE_IDENTIFIER = charles.kypros.Parstogram;
				PRODUCT_NAME = "$(TARGET_NAME)";
				SWIFT_EMIT_LOC_STRINGS = YES;
				SWIFT_VERSION = 5.0;
				TARGETED_DEVICE_FAMILY = "1,2";
			};
			name = Release;
		};
		56FEEEBC27E9949E00D3DEDA /* Debug */ = {
			isa = XCBuildConfiguration;
			buildSettings = {
				ALWAYS_EMBED_SWIFT_STANDARD_LIBRARIES = YES;
				BUNDLE_LOADER = "$(TEST_HOST)";
				CODE_SIGN_STYLE = Automatic;
				CURRENT_PROJECT_VERSION = 1;
				DEVELOPMENT_TEAM = 7QR8ZP2WRB;
				GENERATE_INFOPLIST_FILE = YES;
				IPHONEOS_DEPLOYMENT_TARGET = 15.4;
				MARKETING_VERSION = 1.0;
				PRODUCT_BUNDLE_IDENTIFIER = charles.kypros.ParstogramTests;
				PRODUCT_NAME = "$(TARGET_NAME)";
				SWIFT_EMIT_LOC_STRINGS = NO;
				SWIFT_VERSION = 5.0;
				TARGETED_DEVICE_FAMILY = "1,2";
				TEST_HOST = "$(BUILT_PRODUCTS_DIR)/Parstogram.app/Parstogram";
			};
			name = Debug;
		};
		56FEEEBD27E9949E00D3DEDA /* Release */ = {
			isa = XCBuildConfiguration;
			buildSettings = {
				ALWAYS_EMBED_SWIFT_STANDARD_LIBRARIES = YES;
				BUNDLE_LOADER = "$(TEST_HOST)";
				CODE_SIGN_STYLE = Automatic;
				CURRENT_PROJECT_VERSION = 1;
				DEVELOPMENT_TEAM = 7QR8ZP2WRB;
				GENERATE_INFOPLIST_FILE = YES;
				IPHONEOS_DEPLOYMENT_TARGET = 15.4;
				MARKETING_VERSION = 1.0;
				PRODUCT_BUNDLE_IDENTIFIER = charles.kypros.ParstogramTests;
				PRODUCT_NAME = "$(TARGET_NAME)";
				SWIFT_EMIT_LOC_STRINGS = NO;
				SWIFT_VERSION = 5.0;
				TARGETED_DEVICE_FAMILY = "1,2";
				TEST_HOST = "$(BUILT_PRODUCTS_DIR)/Parstogram.app/Parstogram";
			};
			name = Release;
		};
		56FEEEBF27E9949E00D3DEDA /* Debug */ = {
			isa = XCBuildConfiguration;
			buildSettings = {
				ALWAYS_EMBED_SWIFT_STANDARD_LIBRARIES = YES;
				CODE_SIGN_STYLE = Automatic;
				CURRENT_PROJECT_VERSION = 1;
				DEVELOPMENT_TEAM = 7QR8ZP2WRB;
				GENERATE_INFOPLIST_FILE = YES;
				MARKETING_VERSION = 1.0;
				PRODUCT_BUNDLE_IDENTIFIER = charles.kypros.ParstogramUITests;
				PRODUCT_NAME = "$(TARGET_NAME)";
				SWIFT_EMIT_LOC_STRINGS = NO;
				SWIFT_VERSION = 5.0;
				TARGETED_DEVICE_FAMILY = "1,2";
				TEST_TARGET_NAME = Parstogram;
			};
			name = Debug;
		};
		56FEEEC027E9949E00D3DEDA /* Release */ = {
			isa = XCBuildConfiguration;
			buildSettings = {
				ALWAYS_EMBED_SWIFT_STANDARD_LIBRARIES = YES;
				CODE_SIGN_STYLE = Automatic;
				CURRENT_PROJECT_VERSION = 1;
				DEVELOPMENT_TEAM = 7QR8ZP2WRB;
				GENERATE_INFOPLIST_FILE = YES;
				MARKETING_VERSION = 1.0;
				PRODUCT_BUNDLE_IDENTIFIER = charles.kypros.ParstogramUITests;
				PRODUCT_NAME = "$(TARGET_NAME)";
				SWIFT_EMIT_LOC_STRINGS = NO;
				SWIFT_VERSION = 5.0;
				TARGETED_DEVICE_FAMILY = "1,2";
				TEST_TARGET_NAME = Parstogram;
			};
			name = Release;
		};
/* End XCBuildConfiguration section */

/* Begin XCConfigurationList section */
		56FEEE8927E9949D00D3DEDA /* Build configuration list for PBXProject "Parstogram" */ = {
			isa = XCConfigurationList;
			buildConfigurations = (
				56FEEEB627E9949E00D3DEDA /* Debug */,
				56FEEEB727E9949E00D3DEDA /* Release */,
			);
			defaultConfigurationIsVisible = 0;
			defaultConfigurationName = Release;
		};
		56FEEEB827E9949E00D3DEDA /* Build configuration list for PBXNativeTarget "Parstogram" */ = {
			isa = XCConfigurationList;
			buildConfigurations = (
				56FEEEB927E9949E00D3DEDA /* Debug */,
				56FEEEBA27E9949E00D3DEDA /* Release */,
			);
			defaultConfigurationIsVisible = 0;
			defaultConfigurationName = Release;
		};
		56FEEEBB27E9949E00D3DEDA /* Build configuration list for PBXNativeTarget "ParstogramTests" */ = {
			isa = XCConfigurationList;
			buildConfigurations = (
				56FEEEBC27E9949E00D3DEDA /* Debug */,
				56FEEEBD27E9949E00D3DEDA /* Release */,
			);
			defaultConfigurationIsVisible = 0;
			defaultConfigurationName = Release;
		};
		56FEEEBE27E9949E00D3DEDA /* Build configuration list for PBXNativeTarget "ParstogramUITests" */ = {
			isa = XCConfigurationList;
			buildConfigurations = (
				56FEEEBF27E9949E00D3DEDA /* Debug */,
				56FEEEC027E9949E00D3DEDA /* Release */,
			);
			defaultConfigurationIsVisible = 0;
			defaultConfigurationName = Release;
		};
/* End XCConfigurationList section */
	};
	rootObject = 56FEEE8627E9949D00D3DEDA /* Project object */;
}
